// !$*UTF8*$!
{
	archiveVersion = 1;
	classes = {
	};
	objectVersion = 46;
	objects = {

/* Begin PBXBuildFile section */
		09D2AB35143EAE3B008533B5 /* UIKit.framework in Frameworks */ = {isa = PBXBuildFile; fileRef = 09D2AB34143EAE3B008533B5 /* UIKit.framework */; };
		09D2AB37143EAE3B008533B5 /* Foundation.framework in Frameworks */ = {isa = PBXBuildFile; fileRef = 09D2AB36143EAE3B008533B5 /* Foundation.framework */; };
		09D2AB39143EAE3C008533B5 /* CoreGraphics.framework in Frameworks */ = {isa = PBXBuildFile; fileRef = 09D2AB38143EAE3C008533B5 /* CoreGraphics.framework */; };
		09D2AB3F143EAE3C008533B5 /* InfoPlist.strings in Resources */ = {isa = PBXBuildFile; fileRef = 09D2AB3D143EAE3C008533B5 /* InfoPlist.strings */; };
		09D2AB41143EAE3C008533B5 /* main.m in Sources */ = {isa = PBXBuildFile; fileRef = 09D2AB40143EAE3C008533B5 /* main.m */; };
		09D2AB45143EAE3C008533B5 /* PixelationAppDelegate.m in Sources */ = {isa = PBXBuildFile; fileRef = 09D2AB44143EAE3C008533B5 /* PixelationAppDelegate.m */; };
		09D2AB48143EAE3C008533B5 /* MainWindow.xib in Resources */ = {isa = PBXBuildFile; fileRef = 09D2AB46143EAE3C008533B5 /* MainWindow.xib */; };
		09D2AB4B143EAE3C008533B5 /* PixelationViewController.m in Sources */ = {isa = PBXBuildFile; fileRef = 09D2AB4A143EAE3C008533B5 /* PixelationViewController.m */; };
		09D2AB4E143EAE3C008533B5 /* PixelationViewController.xib in Resources */ = {isa = PBXBuildFile; fileRef = 09D2AB4C143EAE3C008533B5 /* PixelationViewController.xib */; };
		09D2AB5E143EAF5E008533B5 /* bmw_i8.jpg in Resources */ = {isa = PBXBuildFile; fileRef = 09D2AB5D143EAF5E008533B5 /* bmw_i8.jpg */; };
		09D2AB60143EC027008533B5 /* Icon.png in Resources */ = {isa = PBXBuildFile; fileRef = 09D2AB5F143EC027008533B5 /* Icon.png */; };
/* End PBXBuildFile section */

/* Begin PBXFileReference section */
		09D2AB30143EAE3B008533B5 /* Pixelation.app */ = {isa = PBXFileReference; explicitFileType = wrapper.application; includeInIndex = 0; path = Pixelation.app; sourceTree = BUILT_PRODUCTS_DIR; };
		09D2AB34143EAE3B008533B5 /* UIKit.framework */ = {isa = PBXFileReference; lastKnownFileType = wrapper.framework; name = UIKit.framework; path = System/Library/Frameworks/UIKit.framework; sourceTree = SDKROOT; };
		09D2AB36143EAE3B008533B5 /* Foundation.framework */ = {isa = PBXFileReference; lastKnownFileType = wrapper.framework; name = Foundation.framework; path = System/Library/Frameworks/Foundation.framework; sourceTree = SDKROOT; };
		09D2AB38143EAE3C008533B5 /* CoreGraphics.framework */ = {isa = PBXFileReference; lastKnownFileType = wrapper.framework; name = CoreGraphics.framework; path = System/Library/Frameworks/CoreGraphics.framework; sourceTree = SDKROOT; };
		09D2AB3C143EAE3C008533B5 /* Pixelation-Info.plist */ = {isa = PBXFileReference; lastKnownFileType = text.plist.xml; path = "Pixelation-Info.plist"; sourceTree = "<group>"; };
		09D2AB3E143EAE3C008533B5 /* en */ = {isa = PBXFileReference; lastKnownFileType = text.plist.strings; name = en; path = en.lproj/InfoPlist.strings; sourceTree = "<group>"; };
		09D2AB40143EAE3C008533B5 /* main.m */ = {isa = PBXFileReference; lastKnownFileType = sourcecode.c.objc; path = main.m; sourceTree = "<group>"; };
		09D2AB42143EAE3C008533B5 /* Pixelation-Prefix.pch */ = {isa = PBXFileReference; lastKnownFileType = sourcecode.c.h; path = "Pixelation-Prefix.pch"; sourceTree = "<group>"; };
		09D2AB43143EAE3C008533B5 /* PixelationAppDelegate.h */ = {isa = PBXFileReference; lastKnownFileType = sourcecode.c.h; path = PixelationAppDelegate.h; sourceTree = "<group>"; };
		09D2AB44143EAE3C008533B5 /* PixelationAppDelegate.m */ = {isa = PBXFileReference; lastKnownFileType = sourcecode.c.objc; path = PixelationAppDelegate.m; sourceTree = "<group>"; };
		09D2AB47143EAE3C008533B5 /* en */ = {isa = PBXFileReference; lastKnownFileType = file.xib; name = en; path = en.lproj/MainWindow.xib; sourceTree = "<group>"; };
		09D2AB49143EAE3C008533B5 /* PixelationViewController.h */ = {isa = PBXFileReference; lastKnownFileType = sourcecode.c.h; path = PixelationViewController.h; sourceTree = "<group>"; };
		09D2AB4A143EAE3C008533B5 /* PixelationViewController.m */ = {isa = PBXFileReference; lastKnownFileType = sourcecode.c.objc; path = PixelationViewController.m; sourceTree = "<group>"; };
		09D2AB4D143EAE3C008533B5 /* en */ = {isa = PBXFileReference; lastKnownFileType = file.xib; name = en; path = en.lproj/PixelationViewController.xib; sourceTree = "<group>"; };
		09D2AB5D143EAF5E008533B5 /* bmw_i8.jpg */ = {isa = PBXFileReference; lastKnownFileType = image.jpeg; path = bmw_i8.jpg; sourceTree = "<group>"; };
		09D2AB5F143EC027008533B5 /* Icon.png */ = {isa = PBXFileReference; lastKnownFileType = image.png; path = Icon.png; sourceTree = "<group>"; };
/* End PBXFileReference section */

/* Begin PBXFrameworksBuildPhase section */
		09D2AB2D143EAE3B008533B5 /* Frameworks */ = {
			isa = PBXFrameworksBuildPhase;
			buildActionMask = 2147483647;
			files = (
				09D2AB35143EAE3B008533B5 /* UIKit.framework in Frameworks */,
				09D2AB37143EAE3B008533B5 /* Foundation.framework in Frameworks */,
				09D2AB39143EAE3C008533B5 /* CoreGraphics.framework in Frameworks */,
			);
			runOnlyForDeploymentPostprocessing = 0;
		};
/* End PBXFrameworksBuildPhase section */

/* Begin PBXGroup section */
		09D2AB25143EAE3B008533B5 = {
			isa = PBXGroup;
			children = (
				09D2AB3A143EAE3C008533B5 /* Pixelation */,
				09D2AB33143EAE3B008533B5 /* Frameworks */,
				09D2AB31143EAE3B008533B5 /* Products */,
			);
			sourceTree = "<group>";
		};
		09D2AB31143EAE3B008533B5 /* Products */ = {
			isa = PBXGroup;
			children = (
				09D2AB30143EAE3B008533B5 /* Pixelation.app */,
			);
			name = Products;
			sourceTree = "<group>";
		};
		09D2AB33143EAE3B008533B5 /* Frameworks */ = {
			isa = PBXGroup;
			children = (
				09D2AB34143EAE3B008533B5 /* UIKit.framework */,
				09D2AB36143EAE3B008533B5 /* Foundation.framework */,
				09D2AB38143EAE3C008533B5 /* CoreGraphics.framework */,
			);
			name = Frameworks;
			sourceTree = "<group>";
		};
		09D2AB3A143EAE3C008533B5 /* Pixelation */ = {
			isa = PBXGroup;
			children = (
				09D2AB5C143EAF5E008533B5 /* images */,
				09D2AB43143EAE3C008533B5 /* PixelationAppDelegate.h */,
				09D2AB44143EAE3C008533B5 /* PixelationAppDelegate.m */,
				09D2AB46143EAE3C008533B5 /* MainWindow.xib */,
				09D2AB49143EAE3C008533B5 /* PixelationViewController.h */,
				09D2AB4A143EAE3C008533B5 /* PixelationViewController.m */,
				09D2AB4C143EAE3C008533B5 /* PixelationViewController.xib */,
				09D2AB3B143EAE3C008533B5 /* Supporting Files */,
			);
			path = Pixelation;
			sourceTree = "<group>";
		};
		09D2AB3B143EAE3C008533B5 /* Supporting Files */ = {
			isa = PBXGroup;
			children = (
				09D2AB3C143EAE3C008533B5 /* Pixelation-Info.plist */,
				09D2AB3D143EAE3C008533B5 /* InfoPlist.strings */,
				09D2AB40143EAE3C008533B5 /* main.m */,
				09D2AB42143EAE3C008533B5 /* Pixelation-Prefix.pch */,
			);
			name = "Supporting Files";
			sourceTree = "<group>";
		};
		09D2AB5C143EAF5E008533B5 /* images */ = {
			isa = PBXGroup;
			children = (
				09D2AB5F143EC027008533B5 /* Icon.png */,
				09D2AB5D143EAF5E008533B5 /* bmw_i8.jpg */,
			);
			path = images;
			sourceTree = "<group>";
		};
/* End PBXGroup section */

/* Begin PBXNativeTarget section */
		09D2AB2F143EAE3B008533B5 /* Pixelation */ = {
			isa = PBXNativeTarget;
			buildConfigurationList = 09D2AB51143EAE3C008533B5 /* Build configuration list for PBXNativeTarget "Pixelation" */;
			buildPhases = (
				09D2AB2C143EAE3B008533B5 /* Sources */,
				09D2AB2D143EAE3B008533B5 /* Frameworks */,
				09D2AB2E143EAE3B008533B5 /* Resources */,
			);
			buildRules = (
			);
			dependencies = (
			);
			name = Pixelation;
			productName = Pixelation;
			productReference = 09D2AB30143EAE3B008533B5 /* Pixelation.app */;
			productType = "com.apple.product-type.application";
		};
/* End PBXNativeTarget section */

/* Begin PBXProject section */
		09D2AB27143EAE3B008533B5 /* Project object */ = {
			isa = PBXProject;
			attributes = {
				LastUpgradeCheck = 0710;
			};
			buildConfigurationList = 09D2AB2A143EAE3B008533B5 /* Build configuration list for PBXProject "Pixelation" */;
			compatibilityVersion = "Xcode 3.2";
			developmentRegion = English;
			hasScannedForEncodings = 0;
			knownRegions = (
				en,
			);
			mainGroup = 09D2AB25143EAE3B008533B5;
			productRefGroup = 09D2AB31143EAE3B008533B5 /* Products */;
			projectDirPath = "";
			projectRoot = "";
			targets = (
				09D2AB2F143EAE3B008533B5 /* Pixelation */,
			);
		};
/* End PBXProject section */

/* Begin PBXResourcesBuildPhase section */
		09D2AB2E143EAE3B008533B5 /* Resources */ = {
			isa = PBXResourcesBuildPhase;
			buildActionMask = 2147483647;
			files = (
				09D2AB3F143EAE3C008533B5 /* InfoPlist.strings in Resources */,
				09D2AB48143EAE3C008533B5 /* MainWindow.xib in Resources */,
				09D2AB4E143EAE3C008533B5 /* PixelationViewController.xib in Resources */,
				09D2AB5E143EAF5E008533B5 /* bmw_i8.jpg in Resources */,
				09D2AB60143EC027008533B5 /* Icon.png in Resources */,
			);
			runOnlyForDeploymentPostprocessing = 0;
		};
/* End PBXResourcesBuildPhase section */

/* Begin PBXSourcesBuildPhase section */
		09D2AB2C143EAE3B008533B5 /* Sources */ = {
			isa = PBXSourcesBuildPhase;
			buildActionMask = 2147483647;
			files = (
				09D2AB41143EAE3C008533B5 /* main.m in Sources */,
				09D2AB45143EAE3C008533B5 /* PixelationAppDelegate.m in Sources */,
				09D2AB4B143EAE3C008533B5 /* PixelationViewController.m in Sources */,
			);
			runOnlyForDeploymentPostprocessing = 0;
		};
/* End PBXSourcesBuildPhase section */

/* Begin PBXVariantGroup section */
		09D2AB3D143EAE3C008533B5 /* InfoPlist.strings */ = {
			isa = PBXVariantGroup;
			children = (
				09D2AB3E143EAE3C008533B5 /* en */,
			);
			name = InfoPlist.strings;
			sourceTree = "<group>";
		};
		09D2AB46143EAE3C008533B5 /* MainWindow.xib */ = {
			isa = PBXVariantGroup;
			children = (
				09D2AB47143EAE3C008533B5 /* en */,
			);
			name = MainWindow.xib;
			sourceTree = "<group>";
		};
		09D2AB4C143EAE3C008533B5 /* PixelationViewController.xib */ = {
			isa = PBXVariantGroup;
			children = (
				09D2AB4D143EAE3C008533B5 /* en */,
			);
			name = PixelationViewController.xib;
			sourceTree = "<group>";
		};
/* End PBXVariantGroup section */

/* Begin XCBuildConfiguration section */
		09D2AB4F143EAE3C008533B5 /* Debug */ = {
			isa = XCBuildConfiguration;
			buildSettings = {
				ALWAYS_SEARCH_USER_PATHS = NO;
				"CODE_SIGN_IDENTITY[sdk=iphoneos*]" = "iPhone Developer";
				COPY_PHASE_STRIP = NO;
				ENABLE_TESTABILITY = YES;
				GCC_C_LANGUAGE_STANDARD = gnu99;
				GCC_DYNAMIC_NO_PIC = NO;
				GCC_OPTIMIZATION_LEVEL = 0;
				GCC_PREPROCESSOR_DEFINITIONS = (
					"DEBUG=1",
					"$(inherited)",
				);
				GCC_SYMBOLS_PRIVATE_EXTERN = NO;
				GCC_VERSION = com.apple.compilers.llvmgcc42;
				GCC_WARN_ABOUT_MISSING_PROTOTYPES = YES;
				GCC_WARN_ABOUT_RETURN_TYPE = YES;
				GCC_WARN_UNUSED_VARIABLE = YES;
				IPHONEOS_DEPLOYMENT_TARGET = 4.3;
				ONLY_ACTIVE_ARCH = YES;
				SDKROOT = iphoneos;
				TARGETED_DEVICE_FAMILY = 2;
			};
			name = Debug;
		};
		09D2AB50143EAE3C008533B5 /* Release */ = {
			isa = XCBuildConfiguration;
			buildSettings = {
				ALWAYS_SEARCH_USER_PATHS = NO;
				"CODE_SIGN_IDENTITY[sdk=iphoneos*]" = "iPhone Developer";
				COPY_PHASE_STRIP = YES;
				GCC_C_LANGUAGE_STANDARD = gnu99;
				GCC_VERSION = com.apple.compilers.llvmgcc42;
				GCC_WARN_ABOUT_MISSING_PROTOTYPES = YES;
				GCC_WARN_ABOUT_RETURN_TYPE = YES;
				GCC_WARN_UNUSED_VARIABLE = YES;
				IPHONEOS_DEPLOYMENT_TARGET = 4.3;
				OTHER_CFLAGS = "-DNS_BLOCK_ASSERTIONS=1";
				SDKROOT = iphoneos;
				TARGETED_DEVICE_FAMILY = 2;
				VALIDATE_PRODUCT = YES;
			};
			name = Release;
		};
		09D2AB52143EAE3C008533B5 /* Debug */ = {
			isa = XCBuildConfiguration;
			buildSettings = {
				CODE_SIGN_IDENTITY = "iPhone Developer";
				GCC_PRECOMPILE_PREFIX_HEADER = YES;
				GCC_PREFIX_HEADER = "Pixelation/Pixelation-Prefix.pch";
				GCC_VERSION = com.apple.compilers.llvm.clang.1_0;
				INFOPLIST_FILE = "Pixelation/Pixelation-Info.plist";
				PRODUCT_BUNDLE_IDENTIFIER = "com.bluesingapore.${PRODUCT_NAME:rfc1034identifier}";
				PRODUCT_NAME = "$(TARGET_NAME)";
				PROVISIONING_PROFILE = "";
				WRAPPER_EXTENSION = app;
			};
			name = Debug;
		};
		09D2AB53143EAE3C008533B5 /* Release */ = {
			isa = XCBuildConfiguration;
			buildSettings = {
				CODE_SIGN_IDENTITY = "iPhone Developer";
				GCC_PRECOMPILE_PREFIX_HEADER = YES;
				GCC_PREFIX_HEADER = "Pixelation/Pixelation-Prefix.pch";
				GCC_VERSION = com.apple.compilers.llvm.clang.1_0;
				INFOPLIST_FILE = "Pixelation/Pixelation-Info.plist";
				PRODUCT_BUNDLE_IDENTIFIER = "com.bluesingapore.${PRODUCT_NAME:rfc1034identifier}";
				PRODUCT_NAME = "$(TARGET_NAME)";
				PROVISIONING_PROFILE = "";
				WRAPPER_EXTENSION = app;
			};
			name = Release;
		};
/* End XCBuildConfiguration section */

/* Begin XCConfigurationList section */
		09D2AB2A143EAE3B008533B5 /* Build configuration list for PBXProject "Pixelation" */ = {
			isa = XCConfigurationList;
			buildConfigurations = (
				09D2AB4F143EAE3C008533B5 /* Debug */,
				09D2AB50143EAE3C008533B5 /* Release */,
			);
			defaultConfigurationIsVisible = 0;
			defaultConfigurationName = Release;
		};
		09D2AB51143EAE3C008533B5 /* Build configuration list for PBXNativeTarget "Pixelation" */ = {
			isa = XCConfigurationList;
			buildConfigurations = (
				09D2AB52143EAE3C008533B5 /* Debug */,
				09D2AB53143EAE3C008533B5 /* Release */,
			);
			defaultConfigurationIsVisible = 0;
			defaultConfigurationName = Release;
		};
/* End XCConfigurationList section */
	};
	rootObject = 09D2AB27143EAE3B008533B5 /* Project object */;
}
